
Microsoft Visual Studio Solution File, Format Version 12.00
# Visual Studio Version 18
VisualStudioVersion = 18.0.11222.15 d18.0
MinimumVisualStudioVersion = 10.0.40219.1
Project("{FAE04EC0-301F-11D3-BF4B-00C04F79EFBC}") = "MkScraper.WinForms", "MkScraper.WinForms.csproj", "{7DD17A20-D37C-4CE7-E4AA-3F4AAEA330C6}"
EndProject
Global
	GlobalSection(SolutionConfigurationPlatforms) = preSolution
		Debug|Any CPU = Debug|Any CPU
		Release|Any CPU = Release|Any CPU
	EndGlobalSection
	GlobalSection(ProjectConfigurationPlatforms) = postSolution
		{7DD17A20-D37C-4CE7-E4AA-3F4AAEA330C6}.Debug|Any CPU.ActiveCfg = Debug|Any CPU
		{7DD17A20-D37C-4CE7-E4AA-3F4AAEA330C6}.Debug|Any CPU.Build.0 = Debug|Any CPU
		{7DD17A20-D37C-4CE7-E4AA-3F4AAEA330C6}.Release|Any CPU.ActiveCfg = Release|Any CPU
		{7DD17A20-D37C-4CE7-E4AA-3F4AAEA330C6}.Release|Any CPU.Build.0 = Release|Any CPU
	EndGlobalSection
	GlobalSection(SolutionProperties) = preSolution
		HideSolutionNode = FALSE
	EndGlobalSection
	GlobalSection(ExtensibilityGlobals) = postSolution
		SolutionGuid = {82EF94D6-6689-479D-9E41-34E9DB0B33CB}
	EndGlobalSection
EndGlobal
